// !$*UTF8*$!
{
	archiveVersion = 1;
	classes = {
	};
	objectVersion = 46;
	objects = {

/* Begin PBXBuildFile section */
		02559E921C5F390100D82D2C /* zed.icns in Resources */ = {isa = PBXBuildFile; fileRef = 02559E901C5F390100D82D2C /* zed.icns */; };
		02559E931C5F390100D82D2C /* phillip.icns in Resources */ = {isa = PBXBuildFile; fileRef = 02559E911C5F390100D82D2C /* phillip.icns */; };
		026C52CB1C546556005FDFC7 /* autumn.icns in Resources */ = {isa = PBXBuildFile; fileRef = 026C52C91C546556005FDFC7 /* autumn.icns */; };
		026C52D01C556424005FDFC7 /* autumn.wallpaper.png in Resources */ = {isa = PBXBuildFile; fileRef = 026C52CF1C556424005FDFC7 /* autumn.wallpaper.png */; };
		026C52D41C557C2D005FDFC7 /* edm.mp3 in Resources */ = {isa = PBXBuildFile; fileRef = 026C52D31C557C2D005FDFC7 /* edm.mp3 */; };
		026C52D81C5593F7005FDFC7 /* roommate-cli in Resources */ = {isa = PBXBuildFile; fileRef = 026C52D71C5593F7005FDFC7 /* roommate-cli */; };
		8249BBEA1C556EFD0013EC49 /* college-student-studying-scaled.png in Resources */ = {isa = PBXBuildFile; fileRef = 8249BBE91C556EFD0013EC49 /* college-student-studying-scaled.png */; };
		8249BBEE1C556F250013EC49 /* roommatePicker-creepy-sized.png in Resources */ = {isa = PBXBuildFile; fileRef = 8249BBEC1C556F250013EC49 /* roommatePicker-creepy-sized.png */; };
		8249BBEF1C556F250013EC49 /* roommatePicker-stoner-size.png in Resources */ = {isa = PBXBuildFile; fileRef = 8249BBED1C556F250013EC49 /* roommatePicker-stoner-size.png */; };
		8249BBF11C557AF40013EC49 /* cell-background.png in Resources */ = {isa = PBXBuildFile; fileRef = 8249BBF01C557AF40013EC49 /* cell-background.png */; };
		8249BBF31C557CCC0013EC49 /* cutoff-cell.png in Resources */ = {isa = PBXBuildFile; fileRef = 8249BBF21C557CCC0013EC49 /* cutoff-cell.png */; };
		8249BBF51C557FBC0013EC49 /* title.png in Resources */ = {isa = PBXBuildFile; fileRef = 8249BBF41C557FBC0013EC49 /* title.png */; };
		8249BBF71C5580C00013EC49 /* title-no-border.png in Resources */ = {isa = PBXBuildFile; fileRef = 8249BBF61C5580C00013EC49 /* title-no-border.png */; };
		F5A699D31C535B9400C3E158 /* AppDelegate.swift in Sources */ = {isa = PBXBuildFile; fileRef = F5A699D21C535B9400C3E158 /* AppDelegate.swift */; };
		F5A699D51C535B9400C3E158 /* ViewController.swift in Sources */ = {isa = PBXBuildFile; fileRef = F5A699D41C535B9400C3E158 /* ViewController.swift */; };
		F5A699D71C535B9400C3E158 /* Assets.xcassets in Resources */ = {isa = PBXBuildFile; fileRef = F5A699D61C535B9400C3E158 /* Assets.xcassets */; };
		F5A699DA1C535B9400C3E158 /* Main.storyboard in Resources */ = {isa = PBXBuildFile; fileRef = F5A699D81C535B9400C3E158 /* Main.storyboard */; };
		F5A699E51C535B9400C3E158 /* ComputerRoommateTests.swift in Sources */ = {isa = PBXBuildFile; fileRef = F5A699E41C535B9400C3E158 /* ComputerRoommateTests.swift */; };
		F5A699F01C535B9400C3E158 /* ComputerRoommateUITests.swift in Sources */ = {isa = PBXBuildFile; fileRef = F5A699EF1C535B9400C3E158 /* ComputerRoommateUITests.swift */; };
		F5A69A011C5365CA00C3E158 /* rooommatePicker-neat.jpg in Resources */ = {isa = PBXBuildFile; fileRef = F5A69A001C5365CA00C3E158 /* rooommatePicker-neat.jpg */; };
		F5A69A031C53FD8600C3E158 /* roommatePicker-creepy.jpg in Resources */ = {isa = PBXBuildFile; fileRef = F5A69A021C53FD8600C3E158 /* roommatePicker-creepy.jpg */; };
/* End PBXBuildFile section */

/* Begin PBXContainerItemProxy section */
		F5A699E11C535B9400C3E158 /* PBXContainerItemProxy */ = {
			isa = PBXContainerItemProxy;
			containerPortal = F5A699C71C535B9400C3E158 /* Project object */;
			proxyType = 1;
			remoteGlobalIDString = F5A699CE1C535B9400C3E158;
			remoteInfo = ComputerRoommate;
		};
		F5A699EC1C535B9400C3E158 /* PBXContainerItemProxy */ = {
			isa = PBXContainerItemProxy;
			containerPortal = F5A699C71C535B9400C3E158 /* Project object */;
			proxyType = 1;
			remoteGlobalIDString = F5A699CE1C535B9400C3E158;
			remoteInfo = ComputerRoommate;
		};
/* End PBXContainerItemProxy section */

/* Begin PBXFileReference section */
		02559E901C5F390100D82D2C /* zed.icns */ = {isa = PBXFileReference; lastKnownFileType = image.icns; path = zed.icns; sourceTree = "<group>"; };
		02559E911C5F390100D82D2C /* phillip.icns */ = {isa = PBXFileReference; lastKnownFileType = image.icns; path = phillip.icns; sourceTree = "<group>"; };
		026C52C91C546556005FDFC7 /* autumn.icns */ = {isa = PBXFileReference; lastKnownFileType = image.icns; path = autumn.icns; sourceTree = "<group>"; };
		026C52CF1C556424005FDFC7 /* autumn.wallpaper.png */ = {isa = PBXFileReference; lastKnownFileType = image.png; path = autumn.wallpaper.png; sourceTree = "<group>"; };
		026C52D31C557C2D005FDFC7 /* edm.mp3 */ = {isa = PBXFileReference; lastKnownFileType = audio.mp3; path = edm.mp3; sourceTree = "<group>"; };
		026C52D71C5593F7005FDFC7 /* roommate-cli */ = {isa = PBXFileReference; lastKnownFileType = "compiled.mach-o.executable"; path = "roommate-cli"; sourceTree = "<group>"; };
		8249BBE91C556EFD0013EC49 /* college-student-studying-scaled.png */ = {isa = PBXFileReference; lastKnownFileType = image.png; path = "college-student-studying-scaled.png"; sourceTree = "<group>"; };
		8249BBEC1C556F250013EC49 /* roommatePicker-creepy-sized.png */ = {isa = PBXFileReference; lastKnownFileType = image.png; path = "roommatePicker-creepy-sized.png"; sourceTree = "<group>"; };
		8249BBED1C556F250013EC49 /* roommatePicker-stoner-size.png */ = {isa = PBXFileReference; lastKnownFileType = image.png; path = "roommatePicker-stoner-size.png"; sourceTree = "<group>"; };
		8249BBF01C557AF40013EC49 /* cell-background.png */ = {isa = PBXFileReference; lastKnownFileType = image.png; path = "cell-background.png"; sourceTree = "<group>"; };
		8249BBF21C557CCC0013EC49 /* cutoff-cell.png */ = {isa = PBXFileReference; lastKnownFileType = image.png; path = "cutoff-cell.png"; sourceTree = "<group>"; };
		8249BBF41C557FBC0013EC49 /* title.png */ = {isa = PBXFileReference; lastKnownFileType = image.png; path = title.png; sourceTree = "<group>"; };
		8249BBF61C5580C00013EC49 /* title-no-border.png */ = {isa = PBXFileReference; lastKnownFileType = image.png; path = "title-no-border.png"; sourceTree = "<group>"; };
		F5A699CF1C535B9400C3E158 /* ComputerRoommate.app */ = {isa = PBXFileReference; explicitFileType = wrapper.application; includeInIndex = 0; path = ComputerRoommate.app; sourceTree = BUILT_PRODUCTS_DIR; };
		F5A699D21C535B9400C3E158 /* AppDelegate.swift */ = {isa = PBXFileReference; lastKnownFileType = sourcecode.swift; path = AppDelegate.swift; sourceTree = "<group>"; };
		F5A699D41C535B9400C3E158 /* ViewController.swift */ = {isa = PBXFileReference; lastKnownFileType = sourcecode.swift; path = ViewController.swift; sourceTree = "<group>"; };
		F5A699D61C535B9400C3E158 /* Assets.xcassets */ = {isa = PBXFileReference; lastKnownFileType = folder.assetcatalog; path = Assets.xcassets; sourceTree = "<group>"; };
		F5A699D91C535B9400C3E158 /* Base */ = {isa = PBXFileReference; lastKnownFileType = file.storyboard; name = Base; path = Base.lproj/Main.storyboard; sourceTree = "<group>"; };
		F5A699DB1C535B9400C3E158 /* Info.plist */ = {isa = PBXFileReference; lastKnownFileType = text.plist.xml; path = Info.plist; sourceTree = "<group>"; };
		F5A699E01C535B9400C3E158 /* ComputerRoommateTests.xctest */ = {isa = PBXFileReference; explicitFileType = wrapper.cfbundle; includeInIndex = 0; path = ComputerRoommateTests.xctest; sourceTree = BUILT_PRODUCTS_DIR; };
		F5A699E41C535B9400C3E158 /* ComputerRoommateTests.swift */ = {isa = PBXFileReference; lastKnownFileType = sourcecode.swift; path = ComputerRoommateTests.swift; sourceTree = "<group>"; };
		F5A699E61C535B9400C3E158 /* Info.plist */ = {isa = PBXFileReference; lastKnownFileType = text.plist.xml; path = Info.plist; sourceTree = "<group>"; };
		F5A699EB1C535B9400C3E158 /* ComputerRoommateUITests.xctest */ = {isa = PBXFileReference; explicitFileType = wrapper.cfbundle; includeInIndex = 0; path = ComputerRoommateUITests.xctest; sourceTree = BUILT_PRODUCTS_DIR; };
		F5A699EF1C535B9400C3E158 /* ComputerRoommateUITests.swift */ = {isa = PBXFileReference; lastKnownFileType = sourcecode.swift; path = ComputerRoommateUITests.swift; sourceTree = "<group>"; };
		F5A699F11C535B9400C3E158 /* Info.plist */ = {isa = PBXFileReference; lastKnownFileType = text.plist.xml; path = Info.plist; sourceTree = "<group>"; };
		F5A69A001C5365CA00C3E158 /* rooommatePicker-neat.jpg */ = {isa = PBXFileReference; lastKnownFileType = image.jpeg; path = "rooommatePicker-neat.jpg"; sourceTree = "<group>"; };
		F5A69A021C53FD8600C3E158 /* roommatePicker-creepy.jpg */ = {isa = PBXFileReference; lastKnownFileType = image.jpeg; path = "roommatePicker-creepy.jpg"; sourceTree = "<group>"; };
/* End PBXFileReference section */

/* Begin PBXFrameworksBuildPhase section */
		F5A699CC1C535B9400C3E158 /* Frameworks */ = {
			isa = PBXFrameworksBuildPhase;
			buildActionMask = 2147483647;
			files = (
			);
			runOnlyForDeploymentPostprocessing = 0;
		};
		F5A699DD1C535B9400C3E158 /* Frameworks */ = {
			isa = PBXFrameworksBuildPhase;
			buildActionMask = 2147483647;
			files = (
			);
			runOnlyForDeploymentPostprocessing = 0;
		};
		F5A699E81C535B9400C3E158 /* Frameworks */ = {
			isa = PBXFrameworksBuildPhase;
			buildActionMask = 2147483647;
			files = (
			);
			runOnlyForDeploymentPostprocessing = 0;
		};
/* End PBXFrameworksBuildPhase section */

/* Begin PBXGroup section */
		026C52BA1C5453DE005FDFC7 /* actions */ = {
			isa = PBXGroup;
			children = (
				02559E901C5F390100D82D2C /* zed.icns */,
				02559E911C5F390100D82D2C /* phillip.icns */,
				026C52CF1C556424005FDFC7 /* autumn.wallpaper.png */,
				026C52D31C557C2D005FDFC7 /* edm.mp3 */,
				026C52C91C546556005FDFC7 /* autumn.icns */,
			);
			name = actions;
			sourceTree = "<group>";
		};
		8249BBEB1C556F150013EC49 /* Scaled */ = {
			isa = PBXGroup;
			children = (
				8249BBEC1C556F250013EC49 /* roommatePicker-creepy-sized.png */,
				8249BBED1C556F250013EC49 /* roommatePicker-stoner-size.png */,
				8249BBE91C556EFD0013EC49 /* college-student-studying-scaled.png */,
			);
			name = Scaled;
			sourceTree = "<group>";
		};
		F5A699C61C535B9400C3E158 = {
			isa = PBXGroup;
			children = (
				F5A699FF1C535FA600C3E158 /* Assets */,
				F5A699D11C535B9400C3E158 /* ComputerRoommate */,
				F5A699E31C535B9400C3E158 /* ComputerRoommateTests */,
				F5A699EE1C535B9400C3E158 /* ComputerRoommateUITests */,
				F5A699D01C535B9400C3E158 /* Products */,
			);
			sourceTree = "<group>";
		};
		F5A699D01C535B9400C3E158 /* Products */ = {
			isa = PBXGroup;
			children = (
				F5A699CF1C535B9400C3E158 /* ComputerRoommate.app */,
				F5A699E01C535B9400C3E158 /* ComputerRoommateTests.xctest */,
				F5A699EB1C535B9400C3E158 /* ComputerRoommateUITests.xctest */,
			);
			name = Products;
			sourceTree = "<group>";
		};
		F5A699D11C535B9400C3E158 /* ComputerRoommate */ = {
			isa = PBXGroup;
			children = (
				F5A699D21C535B9400C3E158 /* AppDelegate.swift */,
				F5A699D41C535B9400C3E158 /* ViewController.swift */,
				F5A699D61C535B9400C3E158 /* Assets.xcassets */,
				F5A699D81C535B9400C3E158 /* Main.storyboard */,
				F5A699DB1C535B9400C3E158 /* Info.plist */,
			);
			path = ComputerRoommate;
			sourceTree = "<group>";
		};
		F5A699E31C535B9400C3E158 /* ComputerRoommateTests */ = {
			isa = PBXGroup;
			children = (
				F5A699E41C535B9400C3E158 /* ComputerRoommateTests.swift */,
				F5A699E61C535B9400C3E158 /* Info.plist */,
			);
			path = ComputerRoommateTests;
			sourceTree = "<group>";
		};
		F5A699EE1C535B9400C3E158 /* ComputerRoommateUITests */ = {
			isa = PBXGroup;
			children = (
				F5A699EF1C535B9400C3E158 /* ComputerRoommateUITests.swift */,
				F5A699F11C535B9400C3E158 /* Info.plist */,
			);
			path = ComputerRoommateUITests;
			sourceTree = "<group>";
		};
		F5A699FF1C535FA600C3E158 /* Assets */ = {
			isa = PBXGroup;
			children = (
				026C52D71C5593F7005FDFC7 /* roommate-cli */,
				8249BBF61C5580C00013EC49 /* title-no-border.png */,
				8249BBF41C557FBC0013EC49 /* title.png */,
				8249BBF21C557CCC0013EC49 /* cutoff-cell.png */,
				8249BBF01C557AF40013EC49 /* cell-background.png */,
				8249BBEB1C556F150013EC49 /* Scaled */,
				026C52BA1C5453DE005FDFC7 /* actions */,
				F5A69A021C53FD8600C3E158 /* roommatePicker-creepy.jpg */,
				F5A69A001C5365CA00C3E158 /* rooommatePicker-neat.jpg */,
			);
			name = Assets;
			sourceTree = "<group>";
		};
/* End PBXGroup section */

/* Begin PBXNativeTarget section */
		F5A699CE1C535B9400C3E158 /* ComputerRoommate */ = {
			isa = PBXNativeTarget;
			buildConfigurationList = F5A699F41C535B9400C3E158 /* Build configuration list for PBXNativeTarget "ComputerRoommate" */;
			buildPhases = (
				F5A699CB1C535B9400C3E158 /* Sources */,
				F5A699CC1C535B9400C3E158 /* Frameworks */,
				F5A699CD1C535B9400C3E158 /* Resources */,
			);
			buildRules = (
			);
			dependencies = (
			);
			name = ComputerRoommate;
			productName = ComputerRoommate;
			productReference = F5A699CF1C535B9400C3E158 /* ComputerRoommate.app */;
			productType = "com.apple.product-type.application";
		};
		F5A699DF1C535B9400C3E158 /* ComputerRoommateTests */ = {
			isa = PBXNativeTarget;
			buildConfigurationList = F5A699F71C535B9400C3E158 /* Build configuration list for PBXNativeTarget "ComputerRoommateTests" */;
			buildPhases = (
				F5A699DC1C535B9400C3E158 /* Sources */,
				F5A699DD1C535B9400C3E158 /* Frameworks */,
				F5A699DE1C535B9400C3E158 /* Resources */,
			);
			buildRules = (
			);
			dependencies = (
				F5A699E21C535B9400C3E158 /* PBXTargetDependency */,
			);
			name = ComputerRoommateTests;
			productName = ComputerRoommateTests;
			productReference = F5A699E01C535B9400C3E158 /* ComputerRoommateTests.xctest */;
			productType = "com.apple.product-type.bundle.unit-test";
		};
		F5A699EA1C535B9400C3E158 /* ComputerRoommateUITests */ = {
			isa = PBXNativeTarget;
			buildConfigurationList = F5A699FA1C535B9400C3E158 /* Build configuration list for PBXNativeTarget "ComputerRoommateUITests" */;
			buildPhases = (
				F5A699E71C535B9400C3E158 /* Sources */,
				F5A699E81C535B9400C3E158 /* Frameworks */,
				F5A699E91C535B9400C3E158 /* Resources */,
			);
			buildRules = (
			);
			dependencies = (
				F5A699ED1C535B9400C3E158 /* PBXTargetDependency */,
			);
			name = ComputerRoommateUITests;
			productName = ComputerRoommateUITests;
			productReference = F5A699EB1C535B9400C3E158 /* ComputerRoommateUITests.xctest */;
			productType = "com.apple.product-type.bundle.ui-testing";
		};
/* End PBXNativeTarget section */

/* Begin PBXProject section */
		F5A699C71C535B9400C3E158 /* Project object */ = {
			isa = PBXProject;
			attributes = {
				LastSwiftUpdateCheck = 0720;
				LastUpgradeCheck = 0720;
				ORGANIZATIONNAME = "Dan Kurtz";
				TargetAttributes = {
					F5A699CE1C535B9400C3E158 = {
						CreatedOnToolsVersion = 7.2;
					};
					F5A699DF1C535B9400C3E158 = {
						CreatedOnToolsVersion = 7.2;
						TestTargetID = F5A699CE1C535B9400C3E158;
					};
					F5A699EA1C535B9400C3E158 = {
						CreatedOnToolsVersion = 7.2;
						TestTargetID = F5A699CE1C535B9400C3E158;
					};
				};
			};
			buildConfigurationList = F5A699CA1C535B9400C3E158 /* Build configuration list for PBXProject "ComputerRoommate" */;
			compatibilityVersion = "Xcode 3.2";
			developmentRegion = English;
			hasScannedForEncodings = 0;
			knownRegions = (
				en,
				Base,
			);
			mainGroup = F5A699C61C535B9400C3E158;
			productRefGroup = F5A699D01C535B9400C3E158 /* Products */;
			projectDirPath = "";
			projectRoot = "";
			targets = (
				F5A699CE1C535B9400C3E158 /* ComputerRoommate */,
				F5A699DF1C535B9400C3E158 /* ComputerRoommateTests */,
				F5A699EA1C535B9400C3E158 /* ComputerRoommateUITests */,
			);
		};
/* End PBXProject section */

/* Begin PBXResourcesBuildPhase section */
		F5A699CD1C535B9400C3E158 /* Resources */ = {
			isa = PBXResourcesBuildPhase;
			buildActionMask = 2147483647;
			files = (
				F5A69A031C53FD8600C3E158 /* roommatePicker-creepy.jpg in Resources */,
				8249BBEF1C556F250013EC49 /* roommatePicker-stoner-size.png in Resources */,
				026C52D41C557C2D005FDFC7 /* edm.mp3 in Resources */,
				F5A69A011C5365CA00C3E158 /* rooommatePicker-neat.jpg in Resources */,
				026C52D01C556424005FDFC7 /* autumn.wallpaper.png in Resources */,
				8249BBF71C5580C00013EC49 /* title-no-border.png in Resources */,
				02559E921C5F390100D82D2C /* zed.icns in Resources */,
				F5A699D71C535B9400C3E158 /* Assets.xcassets in Resources */,
				F5A699DA1C535B9400C3E158 /* Main.storyboard in Resources */,
				026C52D81C5593F7005FDFC7 /* roommate-cli in Resources */,
				8249BBEA1C556EFD0013EC49 /* college-student-studying-scaled.png in Resources */,
				8249BBEE1C556F250013EC49 /* roommatePicker-creepy-sized.png in Resources */,
				8249BBF11C557AF40013EC49 /* cell-background.png in Resources */,
				026C52CB1C546556005FDFC7 /* autumn.icns in Resources */,
				8249BBF51C557FBC0013EC49 /* title.png in Resources */,
				8249BBF31C557CCC0013EC49 /* cutoff-cell.png in Resources */,
				02559E931C5F390100D82D2C /* phillip.icns in Resources */,
			);
			runOnlyForDeploymentPostprocessing = 0;
		};
		F5A699DE1C535B9400C3E158 /* Resources */ = {
			isa = PBXResourcesBuildPhase;
			buildActionMask = 2147483647;
			files = (
			);
			runOnlyForDeploymentPostprocessing = 0;
		};
		F5A699E91C535B9400C3E158 /* Resources */ = {
			isa = PBXResourcesBuildPhase;
			buildActionMask = 2147483647;
			files = (
			);
			runOnlyForDeploymentPostprocessing = 0;
		};
/* End PBXResourcesBuildPhase section */

/* Begin PBXSourcesBuildPhase section */
		F5A699CB1C535B9400C3E158 /* Sources */ = {
			isa = PBXSourcesBuildPhase;
			buildActionMask = 2147483647;
			files = (
				F5A699D51C535B9400C3E158 /* ViewController.swift in Sources */,
				F5A699D31C535B9400C3E158 /* AppDelegate.swift in Sources */,
			);
			runOnlyForDeploymentPostprocessing = 0;
		};
		F5A699DC1C535B9400C3E158 /* Sources */ = {
			isa = PBXSourcesBuildPhase;
			buildActionMask = 2147483647;
			files = (
				F5A699E51C535B9400C3E158 /* ComputerRoommateTests.swift in Sources */,
			);
			runOnlyForDeploymentPostprocessing = 0;
		};
		F5A699E71C535B9400C3E158 /* Sources */ = {
			isa = PBXSourcesBuildPhase;
			buildActionMask = 2147483647;
			files = (
				F5A699F01C535B9400C3E158 /* ComputerRoommateUITests.swift in Sources */,
			);
			runOnlyForDeploymentPostprocessing = 0;
		};
/* End PBXSourcesBuildPhase section */

/* Begin PBXTargetDependency section */
		F5A699E21C535B9400C3E158 /* PBXTargetDependency */ = {
			isa = PBXTargetDependency;
			target = F5A699CE1C535B9400C3E158 /* ComputerRoommate */;
			targetProxy = F5A699E11C535B9400C3E158 /* PBXContainerItemProxy */;
		};
		F5A699ED1C535B9400C3E158 /* PBXTargetDependency */ = {
			isa = PBXTargetDependency;
			target = F5A699CE1C535B9400C3E158 /* ComputerRoommate */;
			targetProxy = F5A699EC1C535B9400C3E158 /* PBXContainerItemProxy */;
		};
/* End PBXTargetDependency section */

/* Begin PBXVariantGroup section */
		F5A699D81C535B9400C3E158 /* Main.storyboard */ = {
			isa = PBXVariantGroup;
			children = (
				F5A699D91C535B9400C3E158 /* Base */,
			);
			name = Main.storyboard;
			sourceTree = "<group>";
		};
/* End PBXVariantGroup section */

/* Begin XCBuildConfiguration section */
		F5A699F21C535B9400C3E158 /* Debug */ = {
			isa = XCBuildConfiguration;
			buildSettings = {
				ALWAYS_SEARCH_USER_PATHS = NO;
				CLANG_CXX_LANGUAGE_STANDARD = "gnu++0x";
				CLANG_CXX_LIBRARY = "libc++";
				CLANG_ENABLE_MODULES = YES;
				CLANG_ENABLE_OBJC_ARC = YES;
				CLANG_WARN_BOOL_CONVERSION = YES;
				CLANG_WARN_CONSTANT_CONVERSION = YES;
				CLANG_WARN_DIRECT_OBJC_ISA_USAGE = YES_ERROR;
				CLANG_WARN_EMPTY_BODY = YES;
				CLANG_WARN_ENUM_CONVERSION = YES;
				CLANG_WARN_INT_CONVERSION = YES;
				CLANG_WARN_OBJC_ROOT_CLASS = YES_ERROR;
				CLANG_WARN_UNREACHABLE_CODE = YES;
				CLANG_WARN__DUPLICATE_METHOD_MATCH = YES;
				CODE_SIGN_IDENTITY = "-";
				COPY_PHASE_STRIP = NO;
				DEBUG_INFORMATION_FORMAT = dwarf;
				ENABLE_STRICT_OBJC_MSGSEND = YES;
				ENABLE_TESTABILITY = YES;
				GCC_C_LANGUAGE_STANDARD = gnu99;
				GCC_DYNAMIC_NO_PIC = NO;
				GCC_NO_COMMON_BLOCKS = YES;
				GCC_OPTIMIZATION_LEVEL = 0;
				GCC_PREPROCESSOR_DEFINITIONS = (
					"DEBUG=1",
					"$(inherited)",
				);
				GCC_WARN_64_TO_32_BIT_CONVERSION = YES;
				GCC_WARN_ABOUT_RETURN_TYPE = YES_ERROR;
				GCC_WARN_UNDECLARED_SELECTOR = YES;
				GCC_WARN_UNINITIALIZED_AUTOS = YES_AGGRESSIVE;
				GCC_WARN_UNUSED_FUNCTION = YES;
				GCC_WARN_UNUSED_VARIABLE = YES;
				MACOSX_DEPLOYMENT_TARGET = 10.11;
				MTL_ENABLE_DEBUG_INFO = YES;
				ONLY_ACTIVE_ARCH = YES;
				SDKROOT = macosx;
				SWIFT_OPTIMIZATION_LEVEL = "-Onone";
			};
			name = Debug;
		};
		F5A699F31C535B9400C3E158 /* Release */ = {
			isa = XCBuildConfiguration;
			buildSettings = {
				ALWAYS_SEARCH_USER_PATHS = NO;
				CLANG_CXX_LANGUAGE_STANDARD = "gnu++0x";
				CLANG_CXX_LIBRARY = "libc++";
				CLANG_ENABLE_MODULES = YES;
				CLANG_ENABLE_OBJC_ARC = YES;
				CLANG_WARN_BOOL_CONVERSION = YES;
				CLANG_WARN_CONSTANT_CONVERSION = YES;
				CLANG_WARN_DIRECT_OBJC_ISA_USAGE = YES_ERROR;
				CLANG_WARN_EMPTY_BODY = YES;
				CLANG_WARN_ENUM_CONVERSION = YES;
				CLANG_WARN_INT_CONVERSION = YES;
				CLANG_WARN_OBJC_ROOT_CLASS = YES_ERROR;
				CLANG_WARN_UNREACHABLE_CODE = YES;
				CLANG_WARN__DUPLICATE_METHOD_MATCH = YES;
				CODE_SIGN_IDENTITY = "-";
				COPY_PHASE_STRIP = NO;
				DEBUG_INFORMATION_FORMAT = "dwarf-with-dsym";
				ENABLE_NS_ASSERTIONS = NO;
				ENABLE_STRICT_OBJC_MSGSEND = YES;
				GCC_C_LANGUAGE_STANDARD = gnu99;
				GCC_NO_COMMON_BLOCKS = YES;
				GCC_WARN_64_TO_32_BIT_CONVERSION = YES;
				GCC_WARN_ABOUT_RETURN_TYPE = YES_ERROR;
				GCC_WARN_UNDECLARED_SELECTOR = YES;
				GCC_WARN_UNINITIALIZED_AUTOS = YES_AGGRESSIVE;
				GCC_WARN_UNUSED_FUNCTION = YES;
				GCC_WARN_UNUSED_VARIABLE = YES;
				MACOSX_DEPLOYMENT_TARGET = 10.11;
				MTL_ENABLE_DEBUG_INFO = NO;
				SDKROOT = macosx;
			};
			name = Release;
		};
		F5A699F51C535B9400C3E158 /* Debug */ = {
			isa = XCBuildConfiguration;
			buildSettings = {
				ASSETCATALOG_COMPILER_APPICON_NAME = AppIcon;
				COMBINE_HIDPI_IMAGES = YES;
				INFOPLIST_FILE = ComputerRoommate/Info.plist;
				LD_RUNPATH_SEARCH_PATHS = "$(inherited) @executable_path/../Frameworks";
				PRODUCT_BUNDLE_IDENTIFIER = com.brickswithoutclay.ComputerRoommate;
				PRODUCT_NAME = "$(TARGET_NAME)";
			};
			name = Debug;
		};
		F5A699F61C535B9400C3E158 /* Release */ = {
			isa = XCBuildConfiguration;
			buildSettings = {
				ASSETCATALOG_COMPILER_APPICON_NAME = AppIcon;
				COMBINE_HIDPI_IMAGES = YES;
				INFOPLIST_FILE = ComputerRoommate/Info.plist;
				LD_RUNPATH_SEARCH_PATHS = "$(inherited) @executable_path/../Frameworks";
				PRODUCT_BUNDLE_IDENTIFIER = com.brickswithoutclay.ComputerRoommate;
				PRODUCT_NAME = "$(TARGET_NAME)";
			};
			name = Release;
		};
		F5A699F81C535B9400C3E158 /* Debug */ = {
			isa = XCBuildConfiguration;
			buildSettings = {
				BUNDLE_LOADER = "$(TEST_HOST)";
				COMBINE_HIDPI_IMAGES = YES;
				INFOPLIST_FILE = ComputerRoommateTests/Info.plist;
				LD_RUNPATH_SEARCH_PATHS = "$(inherited) @executable_path/../Frameworks @loader_path/../Frameworks";
				PRODUCT_BUNDLE_IDENTIFIER = com.brickswithoutclay.ComputerRoommateTests;
				PRODUCT_NAME = "$(TARGET_NAME)";
				TEST_HOST = "$(BUILT_PRODUCTS_DIR)/ComputerRoommate.app/Contents/MacOS/ComputerRoommate";
			};
			name = Debug;
		};
		F5A699F91C535B9400C3E158 /* Release */ = {
			isa = XCBuildConfiguration;
			buildSettings = {
				BUNDLE_LOADER = "$(TEST_HOST)";
				COMBINE_HIDPI_IMAGES = YES;
				INFOPLIST_FILE = ComputerRoommateTests/Info.plist;
				LD_RUNPATH_SEARCH_PATHS = "$(inherited) @executable_path/../Frameworks @loader_path/../Frameworks";
				PRODUCT_BUNDLE_IDENTIFIER = com.brickswithoutclay.ComputerRoommateTests;
				PRODUCT_NAME = "$(TARGET_NAME)";
				TEST_HOST = "$(BUILT_PRODUCTS_DIR)/ComputerRoommate.app/Contents/MacOS/ComputerRoommate";
			};
			name = Release;
		};
		F5A699FB1C535B9400C3E158 /* Debug */ = {
			isa = XCBuildConfiguration;
			buildSettings = {
				COMBINE_HIDPI_IMAGES = YES;
				INFOPLIST_FILE = ComputerRoommateUITests/Info.plist;
				LD_RUNPATH_SEARCH_PATHS = "$(inherited) @executable_path/../Frameworks @loader_path/../Frameworks";
				PRODUCT_BUNDLE_IDENTIFIER = com.brickswithoutclay.ComputerRoommateUITests;
				PRODUCT_NAME = "$(TARGET_NAME)";
				TEST_TARGET_NAME = ComputerRoommate;
				USES_XCTRUNNER = YES;
			};
			name = Debug;
		};
		F5A699FC1C535B9400C3E158 /* Release */ = {
			isa = XCBuildConfiguration;
			buildSettings = {
				COMBINE_HIDPI_IMAGES = YES;
				INFOPLIST_FILE = ComputerRoommateUITests/Info.plist;
				LD_RUNPATH_SEARCH_PATHS = "$(inherited) @executable_path/../Frameworks @loader_path/../Frameworks";
				PRODUCT_BUNDLE_IDENTIFIER = com.brickswithoutclay.ComputerRoommateUITests;
				PRODUCT_NAME = "$(TARGET_NAME)";
				TEST_TARGET_NAME = ComputerRoommate;
				USES_XCTRUNNER = YES;
			};
			name = Release;
		};
/* End XCBuildConfiguration section */

/* Begin XCConfigurationList section */
		F5A699CA1C535B9400C3E158 /* Build configuration list for PBXProject "ComputerRoommate" */ = {
			isa = XCConfigurationList;
			buildConfigurations = (
				F5A699F21C535B9400C3E158 /* Debug */,
				F5A699F31C535B9400C3E158 /* Release */,
			);
			defaultConfigurationIsVisible = 0;
			defaultConfigurationName = Release;
		};
		F5A699F41C535B9400C3E158 /* Build configuration list for PBXNativeTarget "ComputerRoommate" */ = {
			isa = XCConfigurationList;
			buildConfigurations = (
				F5A699F51C535B9400C3E158 /* Debug */,
				F5A699F61C535B9400C3E158 /* Release */,
			);
			defaultConfigurationIsVisible = 0;
			defaultConfigurationName = Release;
		};
		F5A699F71C535B9400C3E158 /* Build configuration list for PBXNativeTarget "ComputerRoommateTests" */ = {
			isa = XCConfigurationList;
			buildConfigurations = (
				F5A699F81C535B9400C3E158 /* Debug */,
				F5A699F91C535B9400C3E158 /* Release */,
			);
			defaultConfigurationIsVisible = 0;
			defaultConfigurationName = Release;
		};
		F5A699FA1C535B9400C3E158 /* Build configuration list for PBXNativeTarget "ComputerRoommateUITests" */ = {
			isa = XCConfigurationList;
			buildConfigurations = (
				F5A699FB1C535B9400C3E158 /* Debug */,
				F5A699FC1C535B9400C3E158 /* Release */,
			);
			defaultConfigurationIsVisible = 0;
			defaultConfigurationName = Release;
		};
/* End XCConfigurationList section */
	};
	rootObject = F5A699C71C535B9400C3E158 /* Project object */;
}
